// !$*UTF8*$!
{
	archiveVersion = 1;
	classes = {
	};
	objectVersion = 50;
	objects = {

/* Begin PBXBuildFile section */
		44BB12CC22EEA2430019F437 /* AppDelegate.swift in Sources */ = {isa = PBXBuildFile; fileRef = 44BB12CB22EEA2430019F437 /* AppDelegate.swift */; };
		44BB12CE22EEA2430019F437 /* SceneDelegate.swift in Sources */ = {isa = PBXBuildFile; fileRef = 44BB12CD22EEA2430019F437 /* SceneDelegate.swift */; };
		44BB12D022EEA2430019F437 /* ViewController.swift in Sources */ = {isa = PBXBuildFile; fileRef = 44BB12CF22EEA2430019F437 /* ViewController.swift */; };
		44BB12D522EEA2440019F437 /* Assets.xcassets in Resources */ = {isa = PBXBuildFile; fileRef = 44BB12D422EEA2440019F437 /* Assets.xcassets */; };
		44BB12D822EEA2440019F437 /* LaunchScreen.storyboard in Resources */ = {isa = PBXBuildFile; fileRef = 44BB12D622EEA2440019F437 /* LaunchScreen.storyboard */; };
		44BB12E322EEA2440019F437 /* LyricsHighlighterTests.swift in Sources */ = {isa = PBXBuildFile; fileRef = 44BB12E222EEA2440019F437 /* LyricsHighlighterTests.swift */; };
/* End PBXBuildFile section */

/* Begin PBXContainerItemProxy section */
		44BB12DF22EEA2440019F437 /* PBXContainerItemProxy */ = {
			isa = PBXContainerItemProxy;
			containerPortal = 44BB12C022EEA2430019F437 /* Project object */;
			proxyType = 1;
			remoteGlobalIDString = 44BB12C722EEA2430019F437;
			remoteInfo = LyricsHighlighter;
		};
/* End PBXContainerItemProxy section */

/* Begin PBXFileReference section */
		44BB12C822EEA2430019F437 /* LyricsHighlighter.app */ = {isa = PBXFileReference; explicitFileType = wrapper.application; includeInIndex = 0; path = LyricsHighlighter.app; sourceTree = BUILT_PRODUCTS_DIR; };
		44BB12CB22EEA2430019F437 /* AppDelegate.swift */ = {isa = PBXFileReference; lastKnownFileType = sourcecode.swift; path = AppDelegate.swift; sourceTree = "<group>"; };
		44BB12CD22EEA2430019F437 /* SceneDelegate.swift */ = {isa = PBXFileReference; lastKnownFileType = sourcecode.swift; path = SceneDelegate.swift; sourceTree = "<group>"; };
		44BB12CF22EEA2430019F437 /* ViewController.swift */ = {isa = PBXFileReference; lastKnownFileType = sourcecode.swift; path = ViewController.swift; sourceTree = "<group>"; };
		44BB12D422EEA2440019F437 /* Assets.xcassets */ = {isa = PBXFileReference; lastKnownFileType = folder.assetcatalog; path = Assets.xcassets; sourceTree = "<group>"; };
		44BB12D722EEA2440019F437 /* Base */ = {isa = PBXFileReference; lastKnownFileType = file.storyboard; name = Base; path = Base.lproj/LaunchScreen.storyboard; sourceTree = "<group>"; };
		44BB12D922EEA2440019F437 /* Info.plist */ = {isa = PBXFileReference; lastKnownFileType = text.plist.xml; path = Info.plist; sourceTree = "<group>"; };
		44BB12DE22EEA2440019F437 /* LyricsHighlighterTests.xctest */ = {isa = PBXFileReference; explicitFileType = wrapper.cfbundle; includeInIndex = 0; path = LyricsHighlighterTests.xctest; sourceTree = BUILT_PRODUCTS_DIR; };
		44BB12E222EEA2440019F437 /* LyricsHighlighterTests.swift */ = {isa = PBXFileReference; lastKnownFileType = sourcecode.swift; path = LyricsHighlighterTests.swift; sourceTree = "<group>"; };
		44BB12E422EEA2440019F437 /* Info.plist */ = {isa = PBXFileReference; lastKnownFileType = text.plist.xml; path = Info.plist; sourceTree = "<group>"; };
/* End PBXFileReference section */

/* Begin PBXFrameworksBuildPhase section */
		44BB12C522EEA2430019F437 /* Frameworks */ = {
			isa = PBXFrameworksBuildPhase;
			buildActionMask = 2147483647;
			files = (
			);
			runOnlyForDeploymentPostprocessing = 0;
		};
		44BB12DB22EEA2440019F437 /* Frameworks */ = {
			isa = PBXFrameworksBuildPhase;
			buildActionMask = 2147483647;
			files = (
			);
			runOnlyForDeploymentPostprocessing = 0;
		};
/* End PBXFrameworksBuildPhase section */

/* Begin PBXGroup section */
		44BB12BF22EEA2430019F437 = {
			isa = PBXGroup;
			children = (
				44BB12CA22EEA2430019F437 /* LyricsHighlighter */,
				44BB12E122EEA2440019F437 /* LyricsHighlighterTests */,
				44BB12C922EEA2430019F437 /* Products */,
			);
			sourceTree = "<group>";
		};
		44BB12C922EEA2430019F437 /* Products */ = {
			isa = PBXGroup;
			children = (
				44BB12C822EEA2430019F437 /* LyricsHighlighter.app */,
				44BB12DE22EEA2440019F437 /* LyricsHighlighterTests.xctest */,
			);
			name = Products;
			sourceTree = "<group>";
		};
		44BB12CA22EEA2430019F437 /* LyricsHighlighter */ = {
			isa = PBXGroup;
			children = (
				44BB12CB22EEA2430019F437 /* AppDelegate.swift */,
				44BB12CD22EEA2430019F437 /* SceneDelegate.swift */,
				44BB12CF22EEA2430019F437 /* ViewController.swift */,
				44BB12D422EEA2440019F437 /* Assets.xcassets */,
				44BB12D622EEA2440019F437 /* LaunchScreen.storyboard */,
				44BB12D922EEA2440019F437 /* Info.plist */,
			);
			path = LyricsHighlighter;
			sourceTree = "<group>";
		};
		44BB12E122EEA2440019F437 /* LyricsHighlighterTests */ = {
			isa = PBXGroup;
			children = (
				44BB12E222EEA2440019F437 /* LyricsHighlighterTests.swift */,
				44BB12E422EEA2440019F437 /* Info.plist */,
			);
			path = LyricsHighlighterTests;
			sourceTree = "<group>";
		};
/* End PBXGroup section */

/* Begin PBXNativeTarget section */
		44BB12C722EEA2430019F437 /* LyricsHighlighter */ = {
			isa = PBXNativeTarget;
			buildConfigurationList = 44BB12E722EEA2440019F437 /* Build configuration list for PBXNativeTarget "LyricsHighlighter" */;
			buildPhases = (
				44BB12C422EEA2430019F437 /* Sources */,
				44BB12C522EEA2430019F437 /* Frameworks */,
				44BB12C622EEA2430019F437 /* Resources */,
			);
			buildRules = (
			);
			dependencies = (
			);
			name = LyricsHighlighter;
			productName = LyricsHighlighter;
			productReference = 44BB12C822EEA2430019F437 /* LyricsHighlighter.app */;
			productType = "com.apple.product-type.application";
		};
		44BB12DD22EEA2440019F437 /* LyricsHighlighterTests */ = {
			isa = PBXNativeTarget;
			buildConfigurationList = 44BB12EA22EEA2440019F437 /* Build configuration list for PBXNativeTarget "LyricsHighlighterTests" */;
			buildPhases = (
				44BB12DA22EEA2440019F437 /* Sources */,
				44BB12DB22EEA2440019F437 /* Frameworks */,
				44BB12DC22EEA2440019F437 /* Resources */,
			);
			buildRules = (
			);
			dependencies = (
				44BB12E022EEA2440019F437 /* PBXTargetDependency */,
			);
			name = LyricsHighlighterTests;
			productName = LyricsHighlighterTests;
			productReference = 44BB12DE22EEA2440019F437 /* LyricsHighlighterTests.xctest */;
			productType = "com.apple.product-type.bundle.unit-test";
		};
/* End PBXNativeTarget section */

/* Begin PBXProject section */
		44BB12C022EEA2430019F437 /* Project object */ = {
			isa = PBXProject;
			attributes = {
				LastSwiftUpdateCheck = 1100;
				LastUpgradeCheck = 1100;
				ORGANIZATIONNAME = "Hui Qin Ng";
				TargetAttributes = {
					44BB12C722EEA2430019F437 = {
						CreatedOnToolsVersion = 11.0;
					};
					44BB12DD22EEA2440019F437 = {
						CreatedOnToolsVersion = 11.0;
						TestTargetID = 44BB12C722EEA2430019F437;
					};
				};
			};
			buildConfigurationList = 44BB12C322EEA2430019F437 /* Build configuration list for PBXProject "LyricsHighlighter" */;
			compatibilityVersion = "Xcode 9.3";
			developmentRegion = en;
			hasScannedForEncodings = 0;
			knownRegions = (
				en,
				Base,
			);
			mainGroup = 44BB12BF22EEA2430019F437;
			productRefGroup = 44BB12C922EEA2430019F437 /* Products */;
			projectDirPath = "";
			projectRoot = "";
			targets = (
				44BB12C722EEA2430019F437 /* LyricsHighlighter */,
				44BB12DD22EEA2440019F437 /* LyricsHighlighterTests */,
			);
		};
/* End PBXProject section */

/* Begin PBXResourcesBuildPhase section */
		44BB12C622EEA2430019F437 /* Resources */ = {
			isa = PBXResourcesBuildPhase;
			buildActionMask = 2147483647;
			files = (
				44BB12D822EEA2440019F437 /* LaunchScreen.storyboard in Resources */,
				44BB12D522EEA2440019F437 /* Assets.xcassets in Resources */,
			);
			runOnlyForDeploymentPostprocessing = 0;
		};
		44BB12DC22EEA2440019F437 /* Resources */ = {
			isa = PBXResourcesBuildPhase;
			buildActionMask = 2147483647;
			files = (
			);
			runOnlyForDeploymentPostprocessing = 0;
		};
/* End PBXResourcesBuildPhase section */

/* Begin PBXSourcesBuildPhase section */
		44BB12C422EEA2430019F437 /* Sources */ = {
			isa = PBXSourcesBuildPhase;
			buildActionMask = 2147483647;
			files = (
				44BB12D022EEA2430019F437 /* ViewController.swift in Sources */,
				44BB12CC22EEA2430019F437 /* AppDelegate.swift in Sources */,
				44BB12CE22EEA2430019F437 /* SceneDelegate.swift in Sources */,
			);
			runOnlyForDeploymentPostprocessing = 0;
		};
		44BB12DA22EEA2440019F437 /* Sources */ = {
			isa = PBXSourcesBuildPhase;
			buildActionMask = 2147483647;
			files = (
				44BB12E322EEA2440019F437 /* LyricsHighlighterTests.swift in Sources */,
			);
			runOnlyForDeploymentPostprocessing = 0;
		};
/* End PBXSourcesBuildPhase section */

/* Begin PBXTargetDependency section */
		44BB12E022EEA2440019F437 /* PBXTargetDependency */ = {
			isa = PBXTargetDependency;
			target = 44BB12C722EEA2430019F437 /* LyricsHighlighter */;
			targetProxy = 44BB12DF22EEA2440019F437 /* PBXContainerItemProxy */;
		};
/* End PBXTargetDependency section */

/* Begin PBXVariantGroup section */
		44BB12D622EEA2440019F437 /* LaunchScreen.storyboard */ = {
			isa = PBXVariantGroup;
			children = (
				44BB12D722EEA2440019F437 /* Base */,
			);
			name = LaunchScreen.storyboard;
			sourceTree = "<group>";
		};
/* End PBXVariantGroup section */

/* Begin XCBuildConfiguration section */
		44BB12E522EEA2440019F437 /* Debug */ = {
			isa = XCBuildConfiguration;
			buildSettings = {
				ALWAYS_SEARCH_USER_PATHS = NO;
				CLANG_ANALYZER_NONNULL = YES;
				CLANG_ANALYZER_NUMBER_OBJECT_CONVERSION = YES_AGGRESSIVE;
				CLANG_CXX_LANGUAGE_STANDARD = "gnu++14";
				CLANG_CXX_LIBRARY = "libc++";
				CLANG_ENABLE_MODULES = YES;
				CLANG_ENABLE_OBJC_ARC = YES;
				CLANG_ENABLE_OBJC_WEAK = YES;
				CLANG_WARN_BLOCK_CAPTURE_AUTORELEASING = YES;
				CLANG_WARN_BOOL_CONVERSION = YES;
				CLANG_WARN_COMMA = YES;
				CLANG_WARN_CONSTANT_CONVERSION = YES;
				CLANG_WARN_DEPRECATED_OBJC_IMPLEMENTATIONS = YES;
				CLANG_WARN_DIRECT_OBJC_ISA_USAGE = YES_ERROR;
				CLANG_WARN_DOCUMENTATION_COMMENTS = YES;
				CLANG_WARN_EMPTY_BODY = YES;
				CLANG_WARN_ENUM_CONVERSION = YES;
				CLANG_WARN_INFINITE_RECURSION = YES;
				CLANG_WARN_INT_CONVERSION = YES;
				CLANG_WARN_NON_LITERAL_NULL_CONVERSION = YES;
				CLANG_WARN_OBJC_IMPLICIT_RETAIN_SELF = YES;
				CLANG_WARN_OBJC_LITERAL_CONVERSION = YES;
				CLANG_WARN_OBJC_ROOT_CLASS = YES_ERROR;
				CLANG_WARN_RANGE_LOOP_ANALYSIS = YES;
				CLANG_WARN_STRICT_PROTOTYPES = YES;
				CLANG_WARN_SUSPICIOUS_MOVE = YES;
				CLANG_WARN_UNGUARDED_AVAILABILITY = YES_AGGRESSIVE;
				CLANG_WARN_UNREACHABLE_CODE = YES;
				CLANG_WARN__DUPLICATE_METHOD_MATCH = YES;
				COPY_PHASE_STRIP = NO;
				DEBUG_INFORMATION_FORMAT = dwarf;
				ENABLE_STRICT_OBJC_MSGSEND = YES;
				ENABLE_TESTABILITY = YES;
				GCC_C_LANGUAGE_STANDARD = gnu11;
				GCC_DYNAMIC_NO_PIC = NO;
				GCC_NO_COMMON_BLOCKS = YES;
				GCC_OPTIMIZATION_LEVEL = 0;
				GCC_PREPROCESSOR_DEFINITIONS = (
					"DEBUG=1",
					"$(inherited)",
				);
				GCC_WARN_64_TO_32_BIT_CONVERSION = YES;
				GCC_WARN_ABOUT_RETURN_TYPE = YES_ERROR;
				GCC_WARN_UNDECLARED_SELECTOR = YES;
				GCC_WARN_UNINITIALIZED_AUTOS = YES_AGGRESSIVE;
				GCC_WARN_UNUSED_FUNCTION = YES;
				GCC_WARN_UNUSED_VARIABLE = YES;
				IPHONEOS_DEPLOYMENT_TARGET = 13.0;
				MTL_ENABLE_DEBUG_INFO = INCLUDE_SOURCE;
				MTL_FAST_MATH = YES;
				ONLY_ACTIVE_ARCH = YES;
				SDKROOT = iphoneos;
				SWIFT_ACTIVE_COMPILATION_CONDITIONS = DEBUG;
				SWIFT_OPTIMIZATION_LEVEL = "-Onone";
			};
			name = Debug;
		};
		44BB12E622EEA2440019F437 /* Release */ = {
			isa = XCBuildConfiguration;
			buildSettings = {
				ALWAYS_SEARCH_USER_PATHS = NO;
				CLANG_ANALYZER_NONNULL = YES;
				CLANG_ANALYZER_NUMBER_OBJECT_CONVERSION = YES_AGGRESSIVE;
				CLANG_CXX_LANGUAGE_STANDARD = "gnu++14";
				CLANG_CXX_LIBRARY = "libc++";
				CLANG_ENABLE_MODULES = YES;
				CLANG_ENABLE_OBJC_ARC = YES;
				CLANG_ENABLE_OBJC_WEAK = YES;
				CLANG_WARN_BLOCK_CAPTURE_AUTORELEASING = YES;
				CLANG_WARN_BOOL_CONVERSION = YES;
				CLANG_WARN_COMMA = YES;
				CLANG_WARN_CONSTANT_CONVERSION = YES;
				CLANG_WARN_DEPRECATED_OBJC_IMPLEMENTATIONS = YES;
				CLANG_WARN_DIRECT_OBJC_ISA_USAGE = YES_ERROR;
				CLANG_WARN_DOCUMENTATION_COMMENTS = YES;
				CLANG_WARN_EMPTY_BODY = YES;
				CLANG_WARN_ENUM_CONVERSION = YES;
				CLANG_WARN_INFINITE_RECURSION = YES;
				CLANG_WARN_INT_CONVERSION = YES;
				CLANG_WARN_NON_LITERAL_NULL_CONVERSION = YES;
				CLANG_WARN_OBJC_IMPLICIT_RETAIN_SELF = YES;
				CLANG_WARN_OBJC_LITERAL_CONVERSION = YES;
				CLANG_WARN_OBJC_ROOT_CLASS = YES_ERROR;
				CLANG_WARN_RANGE_LOOP_ANALYSIS = YES;
				CLANG_WARN_STRICT_PROTOTYPES = YES;
				CLANG_WARN_SUSPICIOUS_MOVE = YES;
				CLANG_WARN_UNGUARDED_AVAILABILITY = YES_AGGRESSIVE;
				CLANG_WARN_UNREACHABLE_CODE = YES;
				CLANG_WARN__DUPLICATE_METHOD_MATCH = YES;
				COPY_PHASE_STRIP = NO;
				DEBUG_INFORMATION_FORMAT = "dwarf-with-dsym";
				ENABLE_NS_ASSERTIONS = NO;
				ENABLE_STRICT_OBJC_MSGSEND = YES;
				GCC_C_LANGUAGE_STANDARD = gnu11;
				GCC_NO_COMMON_BLOCKS = YES;
				GCC_WARN_64_TO_32_BIT_CONVERSION = YES;
				GCC_WARN_ABOUT_RETURN_TYPE = YES_ERROR;
				GCC_WARN_UNDECLARED_SELECTOR = YES;
				GCC_WARN_UNINITIALIZED_AUTOS = YES_AGGRESSIVE;
				GCC_WARN_UNUSED_FUNCTION = YES;
				GCC_WARN_UNUSED_VARIABLE = YES;
				IPHONEOS_DEPLOYMENT_TARGET = 13.0;
				MTL_ENABLE_DEBUG_INFO = NO;
				MTL_FAST_MATH = YES;
				SDKROOT = iphoneos;
				SWIFT_COMPILATION_MODE = wholemodule;
				SWIFT_OPTIMIZATION_LEVEL = "-O";
				VALIDATE_PRODUCT = YES;
			};
			name = Release;
		};
		44BB12E822EEA2440019F437 /* Debug */ = {
			isa = XCBuildConfiguration;
			buildSettings = {
				ASSETCATALOG_COMPILER_APPICON_NAME = AppIcon;
				CODE_SIGN_STYLE = Automatic;
				DEVELOPMENT_TEAM = BLV2C98A87;
				INFOPLIST_FILE = LyricsHighlighter/Info.plist;
				LD_RUNPATH_SEARCH_PATHS = (
					"$(inherited)",
					"@executable_path/Frameworks",
				);
				PRODUCT_BUNDLE_IDENTIFIER = com.huiqinlab.practice.LyricsHighlighter;
				PRODUCT_NAME = "$(TARGET_NAME)";
				SWIFT_VERSION = 5.0;
				TARGETED_DEVICE_FAMILY = "1,2";
			};
			name = Debug;
		};
		44BB12E922EEA2440019F437 /* Release */ = {
			isa = XCBuildConfiguration;
			buildSettings = {
				ASSETCATALOG_COMPILER_APPICON_NAME = AppIcon;
				CODE_SIGN_STYLE = Automatic;
				DEVELOPMENT_TEAM = BLV2C98A87;
				INFOPLIST_FILE = LyricsHighlighter/Info.plist;
				LD_RUNPATH_SEARCH_PATHS = (
					"$(inherited)",
					"@executable_path/Frameworks",
				);
				PRODUCT_BUNDLE_IDENTIFIER = com.huiqinlab.practice.LyricsHighlighter;
				PRODUCT_NAME = "$(TARGET_NAME)";
				SWIFT_VERSION = 5.0;
				TARGETED_DEVICE_FAMILY = "1,2";
			};
			name = Release;
		};
		44BB12EB22EEA2440019F437 /* Debug */ = {
			isa = XCBuildConfiguration;
			buildSettings = {
				ALWAYS_EMBED_SWIFT_STANDARD_LIBRARIES = YES;
				BUNDLE_LOADER = "$(TEST_HOST)";
				CODE_SIGN_STYLE = Automatic;
				DEVELOPMENT_TEAM = BLV2C98A87;
				INFOPLIST_FILE = LyricsHighlighterTests/Info.plist;
				LD_RUNPATH_SEARCH_PATHS = (
					"$(inherited)",
					"@executable_path/Frameworks",
					"@loader_path/Frameworks",
				);
				PRODUCT_BUNDLE_IDENTIFIER = com.huiqinlab.practice.LyricsHighlighterTests;
				PRODUCT_NAME = "$(TARGET_NAME)";
				SWIFT_VERSION = 5.0;
				TARGETED_DEVICE_FAMILY = "1,2";
				TEST_HOST = "$(BUILT_PRODUCTS_DIR)/LyricsHighlighter.app/LyricsHighlighter";
			};
			name = Debug;
		};
		44BB12EC22EEA2440019F437 /* Release */ = {
			isa = XCBuildConfiguration;
			buildSettings = {
				ALWAYS_EMBED_SWIFT_STANDARD_LIBRARIES = YES;
				BUNDLE_LOADER = "$(TEST_HOST)";
				CODE_SIGN_STYLE = Automatic;
				DEVELOPMENT_TEAM = BLV2C98A87;
				INFOPLIST_FILE = LyricsHighlighterTests/Info.plist;
				LD_RUNPATH_SEARCH_PATHS = (
					"$(inherited)",
					"@executable_path/Frameworks",
					"@loader_path/Frameworks",
				);
				PRODUCT_BUNDLE_IDENTIFIER = com.huiqinlab.practice.LyricsHighlighterTests;
				PRODUCT_NAME = "$(TARGET_NAME)";
				SWIFT_VERSION = 5.0;
				TARGETED_DEVICE_FAMILY = "1,2";
				TEST_HOST = "$(BUILT_PRODUCTS_DIR)/LyricsHighlighter.app/LyricsHighlighter";
			};
			name = Release;
		};
/* End XCBuildConfiguration section */

/* Begin XCConfigurationList section */
		44BB12C322EEA2430019F437 /* Build configuration list for PBXProject "LyricsHighlighter" */ = {
			isa = XCConfigurationList;
			buildConfigurations = (
				44BB12E522EEA2440019F437 /* Debug */,
				44BB12E622EEA2440019F437 /* Release */,
			);
			defaultConfigurationIsVisible = 0;
			defaultConfigurationName = Release;
		};
		44BB12E722EEA2440019F437 /* Build configuration list for PBXNativeTarget "LyricsHighlighter" */ = {
			isa = XCConfigurationList;
			buildConfigurations = (
				44BB12E822EEA2440019F437 /* Debug */,
				44BB12E922EEA2440019F437 /* Release */,
			);
			defaultConfigurationIsVisible = 0;
			defaultConfigurationName = Release;
		};
		44BB12EA22EEA2440019F437 /* Build configuration list for PBXNativeTarget "LyricsHighlighterTests" */ = {
			isa = XCConfigurationList;
			buildConfigurations = (
				44BB12EB22EEA2440019F437 /* Debug */,
				44BB12EC22EEA2440019F437 /* Release */,
			);
			defaultConfigurationIsVisible = 0;
			defaultConfigurationName = Release;
		};
/* End XCConfigurationList section */
	};
	rootObject = 44BB12C022EEA2430019F437 /* Project object */;
}
