// !$*UTF8*$!
{
	archiveVersion = 1;
	classes = {
	};
	objectVersion = 50;
	objects = {

/* Begin PBXBuildFile section */
		44BB129E22EE89750019F437 /* AppDelegate.swift in Sources */ = {isa = PBXBuildFile; fileRef = 44BB129D22EE89750019F437 /* AppDelegate.swift */; };
		44BB12A022EE89750019F437 /* SceneDelegate.swift in Sources */ = {isa = PBXBuildFile; fileRef = 44BB129F22EE89750019F437 /* SceneDelegate.swift */; };
		44BB12A222EE89750019F437 /* ViewController.swift in Sources */ = {isa = PBXBuildFile; fileRef = 44BB12A122EE89750019F437 /* ViewController.swift */; };
		44BB12A722EE89760019F437 /* Assets.xcassets in Resources */ = {isa = PBXBuildFile; fileRef = 44BB12A622EE89760019F437 /* Assets.xcassets */; };
		44BB12AA22EE89760019F437 /* LaunchScreen.storyboard in Resources */ = {isa = PBXBuildFile; fileRef = 44BB12A822EE89760019F437 /* LaunchScreen.storyboard */; };
		44BB12B522EE89760019F437 /* CAFlappyBirdTests.swift in Sources */ = {isa = PBXBuildFile; fileRef = 44BB12B422EE89760019F437 /* CAFlappyBirdTests.swift */; };
/* End PBXBuildFile section */

/* Begin PBXContainerItemProxy section */
		44BB12B122EE89760019F437 /* PBXContainerItemProxy */ = {
			isa = PBXContainerItemProxy;
			containerPortal = 44BB129222EE89750019F437 /* Project object */;
			proxyType = 1;
			remoteGlobalIDString = 44BB129922EE89750019F437;
			remoteInfo = CAFlappyBird;
		};
/* End PBXContainerItemProxy section */

/* Begin PBXFileReference section */
		44BB129A22EE89750019F437 /* CAFlappyBird.app */ = {isa = PBXFileReference; explicitFileType = wrapper.application; includeInIndex = 0; path = CAFlappyBird.app; sourceTree = BUILT_PRODUCTS_DIR; };
		44BB129D22EE89750019F437 /* AppDelegate.swift */ = {isa = PBXFileReference; lastKnownFileType = sourcecode.swift; path = AppDelegate.swift; sourceTree = "<group>"; };
		44BB129F22EE89750019F437 /* SceneDelegate.swift */ = {isa = PBXFileReference; lastKnownFileType = sourcecode.swift; path = SceneDelegate.swift; sourceTree = "<group>"; };
		44BB12A122EE89750019F437 /* ViewController.swift */ = {isa = PBXFileReference; lastKnownFileType = sourcecode.swift; path = ViewController.swift; sourceTree = "<group>"; };
		44BB12A622EE89760019F437 /* Assets.xcassets */ = {isa = PBXFileReference; lastKnownFileType = folder.assetcatalog; path = Assets.xcassets; sourceTree = "<group>"; };
		44BB12A922EE89760019F437 /* Base */ = {isa = PBXFileReference; lastKnownFileType = file.storyboard; name = Base; path = Base.lproj/LaunchScreen.storyboard; sourceTree = "<group>"; };
		44BB12AB22EE89760019F437 /* Info.plist */ = {isa = PBXFileReference; lastKnownFileType = text.plist.xml; path = Info.plist; sourceTree = "<group>"; };
		44BB12B022EE89760019F437 /* CAFlappyBirdTests.xctest */ = {isa = PBXFileReference; explicitFileType = wrapper.cfbundle; includeInIndex = 0; path = CAFlappyBirdTests.xctest; sourceTree = BUILT_PRODUCTS_DIR; };
		44BB12B422EE89760019F437 /* CAFlappyBirdTests.swift */ = {isa = PBXFileReference; lastKnownFileType = sourcecode.swift; path = CAFlappyBirdTests.swift; sourceTree = "<group>"; };
		44BB12B622EE89760019F437 /* Info.plist */ = {isa = PBXFileReference; lastKnownFileType = text.plist.xml; path = Info.plist; sourceTree = "<group>"; };
/* End PBXFileReference section */

/* Begin PBXFrameworksBuildPhase section */
		44BB129722EE89750019F437 /* Frameworks */ = {
			isa = PBXFrameworksBuildPhase;
			buildActionMask = 2147483647;
			files = (
			);
			runOnlyForDeploymentPostprocessing = 0;
		};
		44BB12AD22EE89760019F437 /* Frameworks */ = {
			isa = PBXFrameworksBuildPhase;
			buildActionMask = 2147483647;
			files = (
			);
			runOnlyForDeploymentPostprocessing = 0;
		};
/* End PBXFrameworksBuildPhase section */

/* Begin PBXGroup section */
		44BB129122EE89750019F437 = {
			isa = PBXGroup;
			children = (
				44BB129C22EE89750019F437 /* CAFlappyBird */,
				44BB12B322EE89760019F437 /* CAFlappyBirdTests */,
				44BB129B22EE89750019F437 /* Products */,
			);
			sourceTree = "<group>";
		};
		44BB129B22EE89750019F437 /* Products */ = {
			isa = PBXGroup;
			children = (
				44BB129A22EE89750019F437 /* CAFlappyBird.app */,
				44BB12B022EE89760019F437 /* CAFlappyBirdTests.xctest */,
			);
			name = Products;
			sourceTree = "<group>";
		};
		44BB129C22EE89750019F437 /* CAFlappyBird */ = {
			isa = PBXGroup;
			children = (
				44BB129D22EE89750019F437 /* AppDelegate.swift */,
				44BB129F22EE89750019F437 /* SceneDelegate.swift */,
				44BB12A122EE89750019F437 /* ViewController.swift */,
				44BB12A622EE89760019F437 /* Assets.xcassets */,
				44BB12A822EE89760019F437 /* LaunchScreen.storyboard */,
				44BB12AB22EE89760019F437 /* Info.plist */,
			);
			path = CAFlappyBird;
			sourceTree = "<group>";
		};
		44BB12B322EE89760019F437 /* CAFlappyBirdTests */ = {
			isa = PBXGroup;
			children = (
				44BB12B422EE89760019F437 /* CAFlappyBirdTests.swift */,
				44BB12B622EE89760019F437 /* Info.plist */,
			);
			path = CAFlappyBirdTests;
			sourceTree = "<group>";
		};
/* End PBXGroup section */

/* Begin PBXNativeTarget section */
		44BB129922EE89750019F437 /* CAFlappyBird */ = {
			isa = PBXNativeTarget;
			buildConfigurationList = 44BB12B922EE89760019F437 /* Build configuration list for PBXNativeTarget "CAFlappyBird" */;
			buildPhases = (
				44BB129622EE89750019F437 /* Sources */,
				44BB129722EE89750019F437 /* Frameworks */,
				44BB129822EE89750019F437 /* Resources */,
			);
			buildRules = (
			);
			dependencies = (
			);
			name = CAFlappyBird;
			productName = CAFlappyBird;
			productReference = 44BB129A22EE89750019F437 /* CAFlappyBird.app */;
			productType = "com.apple.product-type.application";
		};
		44BB12AF22EE89760019F437 /* CAFlappyBirdTests */ = {
			isa = PBXNativeTarget;
			buildConfigurationList = 44BB12BC22EE89760019F437 /* Build configuration list for PBXNativeTarget "CAFlappyBirdTests" */;
			buildPhases = (
				44BB12AC22EE89760019F437 /* Sources */,
				44BB12AD22EE89760019F437 /* Frameworks */,
				44BB12AE22EE89760019F437 /* Resources */,
			);
			buildRules = (
			);
			dependencies = (
				44BB12B222EE89760019F437 /* PBXTargetDependency */,
			);
			name = CAFlappyBirdTests;
			productName = CAFlappyBirdTests;
			productReference = 44BB12B022EE89760019F437 /* CAFlappyBirdTests.xctest */;
			productType = "com.apple.product-type.bundle.unit-test";
		};
/* End PBXNativeTarget section */

/* Begin PBXProject section */
		44BB129222EE89750019F437 /* Project object */ = {
			isa = PBXProject;
			attributes = {
				LastSwiftUpdateCheck = 1100;
				LastUpgradeCheck = 1100;
				ORGANIZATIONNAME = "Hui Qin Ng";
				TargetAttributes = {
					44BB129922EE89750019F437 = {
						CreatedOnToolsVersion = 11.0;
					};
					44BB12AF22EE89760019F437 = {
						CreatedOnToolsVersion = 11.0;
						TestTargetID = 44BB129922EE89750019F437;
					};
				};
			};
			buildConfigurationList = 44BB129522EE89750019F437 /* Build configuration list for PBXProject "CAFlappyBird" */;
			compatibilityVersion = "Xcode 9.3";
			developmentRegion = en;
			hasScannedForEncodings = 0;
			knownRegions = (
				en,
				Base,
			);
			mainGroup = 44BB129122EE89750019F437;
			productRefGroup = 44BB129B22EE89750019F437 /* Products */;
			projectDirPath = "";
			projectRoot = "";
			targets = (
				44BB129922EE89750019F437 /* CAFlappyBird */,
				44BB12AF22EE89760019F437 /* CAFlappyBirdTests */,
			);
		};
/* End PBXProject section */

/* Begin PBXResourcesBuildPhase section */
		44BB129822EE89750019F437 /* Resources */ = {
			isa = PBXResourcesBuildPhase;
			buildActionMask = 2147483647;
			files = (
				44BB12AA22EE89760019F437 /* LaunchScreen.storyboard in Resources */,
				44BB12A722EE89760019F437 /* Assets.xcassets in Resources */,
			);
			runOnlyForDeploymentPostprocessing = 0;
		};
		44BB12AE22EE89760019F437 /* Resources */ = {
			isa = PBXResourcesBuildPhase;
			buildActionMask = 2147483647;
			files = (
			);
			runOnlyForDeploymentPostprocessing = 0;
		};
/* End PBXResourcesBuildPhase section */

/* Begin PBXSourcesBuildPhase section */
		44BB129622EE89750019F437 /* Sources */ = {
			isa = PBXSourcesBuildPhase;
			buildActionMask = 2147483647;
			files = (
				44BB12A222EE89750019F437 /* ViewController.swift in Sources */,
				44BB129E22EE89750019F437 /* AppDelegate.swift in Sources */,
				44BB12A022EE89750019F437 /* SceneDelegate.swift in Sources */,
			);
			runOnlyForDeploymentPostprocessing = 0;
		};
		44BB12AC22EE89760019F437 /* Sources */ = {
			isa = PBXSourcesBuildPhase;
			buildActionMask = 2147483647;
			files = (
				44BB12B522EE89760019F437 /* CAFlappyBirdTests.swift in Sources */,
			);
			runOnlyForDeploymentPostprocessing = 0;
		};
/* End PBXSourcesBuildPhase section */

/* Begin PBXTargetDependency section */
		44BB12B222EE89760019F437 /* PBXTargetDependency */ = {
			isa = PBXTargetDependency;
			target = 44BB129922EE89750019F437 /* CAFlappyBird */;
			targetProxy = 44BB12B122EE89760019F437 /* PBXContainerItemProxy */;
		};
/* End PBXTargetDependency section */

/* Begin PBXVariantGroup section */
		44BB12A822EE89760019F437 /* LaunchScreen.storyboard */ = {
			isa = PBXVariantGroup;
			children = (
				44BB12A922EE89760019F437 /* Base */,
			);
			name = LaunchScreen.storyboard;
			sourceTree = "<group>";
		};
/* End PBXVariantGroup section */

/* Begin XCBuildConfiguration section */
		44BB12B722EE89760019F437 /* Debug */ = {
			isa = XCBuildConfiguration;
			buildSettings = {
				ALWAYS_SEARCH_USER_PATHS = NO;
				CLANG_ANALYZER_NONNULL = YES;
				CLANG_ANALYZER_NUMBER_OBJECT_CONVERSION = YES_AGGRESSIVE;
				CLANG_CXX_LANGUAGE_STANDARD = "gnu++14";
				CLANG_CXX_LIBRARY = "libc++";
				CLANG_ENABLE_MODULES = YES;
				CLANG_ENABLE_OBJC_ARC = YES;
				CLANG_ENABLE_OBJC_WEAK = YES;
				CLANG_WARN_BLOCK_CAPTURE_AUTORELEASING = YES;
				CLANG_WARN_BOOL_CONVERSION = YES;
				CLANG_WARN_COMMA = YES;
				CLANG_WARN_CONSTANT_CONVERSION = YES;
				CLANG_WARN_DEPRECATED_OBJC_IMPLEMENTATIONS = YES;
				CLANG_WARN_DIRECT_OBJC_ISA_USAGE = YES_ERROR;
				CLANG_WARN_DOCUMENTATION_COMMENTS = YES;
				CLANG_WARN_EMPTY_BODY = YES;
				CLANG_WARN_ENUM_CONVERSION = YES;
				CLANG_WARN_INFINITE_RECURSION = YES;
				CLANG_WARN_INT_CONVERSION = YES;
				CLANG_WARN_NON_LITERAL_NULL_CONVERSION = YES;
				CLANG_WARN_OBJC_IMPLICIT_RETAIN_SELF = YES;
				CLANG_WARN_OBJC_LITERAL_CONVERSION = YES;
				CLANG_WARN_OBJC_ROOT_CLASS = YES_ERROR;
				CLANG_WARN_RANGE_LOOP_ANALYSIS = YES;
				CLANG_WARN_STRICT_PROTOTYPES = YES;
				CLANG_WARN_SUSPICIOUS_MOVE = YES;
				CLANG_WARN_UNGUARDED_AVAILABILITY = YES_AGGRESSIVE;
				CLANG_WARN_UNREACHABLE_CODE = YES;
				CLANG_WARN__DUPLICATE_METHOD_MATCH = YES;
				COPY_PHASE_STRIP = NO;
				DEBUG_INFORMATION_FORMAT = dwarf;
				ENABLE_STRICT_OBJC_MSGSEND = YES;
				ENABLE_TESTABILITY = YES;
				GCC_C_LANGUAGE_STANDARD = gnu11;
				GCC_DYNAMIC_NO_PIC = NO;
				GCC_NO_COMMON_BLOCKS = YES;
				GCC_OPTIMIZATION_LEVEL = 0;
				GCC_PREPROCESSOR_DEFINITIONS = (
					"DEBUG=1",
					"$(inherited)",
				);
				GCC_WARN_64_TO_32_BIT_CONVERSION = YES;
				GCC_WARN_ABOUT_RETURN_TYPE = YES_ERROR;
				GCC_WARN_UNDECLARED_SELECTOR = YES;
				GCC_WARN_UNINITIALIZED_AUTOS = YES_AGGRESSIVE;
				GCC_WARN_UNUSED_FUNCTION = YES;
				GCC_WARN_UNUSED_VARIABLE = YES;
				IPHONEOS_DEPLOYMENT_TARGET = 13.0;
				MTL_ENABLE_DEBUG_INFO = INCLUDE_SOURCE;
				MTL_FAST_MATH = YES;
				ONLY_ACTIVE_ARCH = YES;
				SDKROOT = iphoneos;
				SWIFT_ACTIVE_COMPILATION_CONDITIONS = DEBUG;
				SWIFT_OPTIMIZATION_LEVEL = "-Onone";
			};
			name = Debug;
		};
		44BB12B822EE89760019F437 /* Release */ = {
			isa = XCBuildConfiguration;
			buildSettings = {
				ALWAYS_SEARCH_USER_PATHS = NO;
				CLANG_ANALYZER_NONNULL = YES;
				CLANG_ANALYZER_NUMBER_OBJECT_CONVERSION = YES_AGGRESSIVE;
				CLANG_CXX_LANGUAGE_STANDARD = "gnu++14";
				CLANG_CXX_LIBRARY = "libc++";
				CLANG_ENABLE_MODULES = YES;
				CLANG_ENABLE_OBJC_ARC = YES;
				CLANG_ENABLE_OBJC_WEAK = YES;
				CLANG_WARN_BLOCK_CAPTURE_AUTORELEASING = YES;
				CLANG_WARN_BOOL_CONVERSION = YES;
				CLANG_WARN_COMMA = YES;
				CLANG_WARN_CONSTANT_CONVERSION = YES;
				CLANG_WARN_DEPRECATED_OBJC_IMPLEMENTATIONS = YES;
				CLANG_WARN_DIRECT_OBJC_ISA_USAGE = YES_ERROR;
				CLANG_WARN_DOCUMENTATION_COMMENTS = YES;
				CLANG_WARN_EMPTY_BODY = YES;
				CLANG_WARN_ENUM_CONVERSION = YES;
				CLANG_WARN_INFINITE_RECURSION = YES;
				CLANG_WARN_INT_CONVERSION = YES;
				CLANG_WARN_NON_LITERAL_NULL_CONVERSION = YES;
				CLANG_WARN_OBJC_IMPLICIT_RETAIN_SELF = YES;
				CLANG_WARN_OBJC_LITERAL_CONVERSION = YES;
				CLANG_WARN_OBJC_ROOT_CLASS = YES_ERROR;
				CLANG_WARN_RANGE_LOOP_ANALYSIS = YES;
				CLANG_WARN_STRICT_PROTOTYPES = YES;
				CLANG_WARN_SUSPICIOUS_MOVE = YES;
				CLANG_WARN_UNGUARDED_AVAILABILITY = YES_AGGRESSIVE;
				CLANG_WARN_UNREACHABLE_CODE = YES;
				CLANG_WARN__DUPLICATE_METHOD_MATCH = YES;
				COPY_PHASE_STRIP = NO;
				DEBUG_INFORMATION_FORMAT = "dwarf-with-dsym";
				ENABLE_NS_ASSERTIONS = NO;
				ENABLE_STRICT_OBJC_MSGSEND = YES;
				GCC_C_LANGUAGE_STANDARD = gnu11;
				GCC_NO_COMMON_BLOCKS = YES;
				GCC_WARN_64_TO_32_BIT_CONVERSION = YES;
				GCC_WARN_ABOUT_RETURN_TYPE = YES_ERROR;
				GCC_WARN_UNDECLARED_SELECTOR = YES;
				GCC_WARN_UNINITIALIZED_AUTOS = YES_AGGRESSIVE;
				GCC_WARN_UNUSED_FUNCTION = YES;
				GCC_WARN_UNUSED_VARIABLE = YES;
				IPHONEOS_DEPLOYMENT_TARGET = 13.0;
				MTL_ENABLE_DEBUG_INFO = NO;
				MTL_FAST_MATH = YES;
				SDKROOT = iphoneos;
				SWIFT_COMPILATION_MODE = wholemodule;
				SWIFT_OPTIMIZATION_LEVEL = "-O";
				VALIDATE_PRODUCT = YES;
			};
			name = Release;
		};
		44BB12BA22EE89760019F437 /* Debug */ = {
			isa = XCBuildConfiguration;
			buildSettings = {
				ASSETCATALOG_COMPILER_APPICON_NAME = AppIcon;
				CODE_SIGN_STYLE = Automatic;
				DEVELOPMENT_TEAM = BLV2C98A87;
				INFOPLIST_FILE = CAFlappyBird/Info.plist;
				LD_RUNPATH_SEARCH_PATHS = (
					"$(inherited)",
					"@executable_path/Frameworks",
				);
				PRODUCT_BUNDLE_IDENTIFIER = com.huiqinlab.practice.CAFlappyBird;
				PRODUCT_NAME = "$(TARGET_NAME)";
				SWIFT_VERSION = 5.0;
				TARGETED_DEVICE_FAMILY = "1,2";
			};
			name = Debug;
		};
		44BB12BB22EE89760019F437 /* Release */ = {
			isa = XCBuildConfiguration;
			buildSettings = {
				ASSETCATALOG_COMPILER_APPICON_NAME = AppIcon;
				CODE_SIGN_STYLE = Automatic;
				DEVELOPMENT_TEAM = BLV2C98A87;
				INFOPLIST_FILE = CAFlappyBird/Info.plist;
				LD_RUNPATH_SEARCH_PATHS = (
					"$(inherited)",
					"@executable_path/Frameworks",
				);
				PRODUCT_BUNDLE_IDENTIFIER = com.huiqinlab.practice.CAFlappyBird;
				PRODUCT_NAME = "$(TARGET_NAME)";
				SWIFT_VERSION = 5.0;
				TARGETED_DEVICE_FAMILY = "1,2";
			};
			name = Release;
		};
		44BB12BD22EE89760019F437 /* Debug */ = {
			isa = XCBuildConfiguration;
			buildSettings = {
				ALWAYS_EMBED_SWIFT_STANDARD_LIBRARIES = YES;
				BUNDLE_LOADER = "$(TEST_HOST)";
				CODE_SIGN_STYLE = Automatic;
				DEVELOPMENT_TEAM = BLV2C98A87;
				INFOPLIST_FILE = CAFlappyBirdTests/Info.plist;
				LD_RUNPATH_SEARCH_PATHS = (
					"$(inherited)",
					"@executable_path/Frameworks",
					"@loader_path/Frameworks",
				);
				PRODUCT_BUNDLE_IDENTIFIER = com.huiqinlab.practice.CAFlappyBirdTests;
				PRODUCT_NAME = "$(TARGET_NAME)";
				SWIFT_VERSION = 5.0;
				TARGETED_DEVICE_FAMILY = "1,2";
				TEST_HOST = "$(BUILT_PRODUCTS_DIR)/CAFlappyBird.app/CAFlappyBird";
			};
			name = Debug;
		};
		44BB12BE22EE89760019F437 /* Release */ = {
			isa = XCBuildConfiguration;
			buildSettings = {
				ALWAYS_EMBED_SWIFT_STANDARD_LIBRARIES = YES;
				BUNDLE_LOADER = "$(TEST_HOST)";
				CODE_SIGN_STYLE = Automatic;
				DEVELOPMENT_TEAM = BLV2C98A87;
				INFOPLIST_FILE = CAFlappyBirdTests/Info.plist;
				LD_RUNPATH_SEARCH_PATHS = (
					"$(inherited)",
					"@executable_path/Frameworks",
					"@loader_path/Frameworks",
				);
				PRODUCT_BUNDLE_IDENTIFIER = com.huiqinlab.practice.CAFlappyBirdTests;
				PRODUCT_NAME = "$(TARGET_NAME)";
				SWIFT_VERSION = 5.0;
				TARGETED_DEVICE_FAMILY = "1,2";
				TEST_HOST = "$(BUILT_PRODUCTS_DIR)/CAFlappyBird.app/CAFlappyBird";
			};
			name = Release;
		};
/* End XCBuildConfiguration section */

/* Begin XCConfigurationList section */
		44BB129522EE89750019F437 /* Build configuration list for PBXProject "CAFlappyBird" */ = {
			isa = XCConfigurationList;
			buildConfigurations = (
				44BB12B722EE89760019F437 /* Debug */,
				44BB12B822EE89760019F437 /* Release */,
			);
			defaultConfigurationIsVisible = 0;
			defaultConfigurationName = Release;
		};
		44BB12B922EE89760019F437 /* Build configuration list for PBXNativeTarget "CAFlappyBird" */ = {
			isa = XCConfigurationList;
			buildConfigurations = (
				44BB12BA22EE89760019F437 /* Debug */,
				44BB12BB22EE89760019F437 /* Release */,
			);
			defaultConfigurationIsVisible = 0;
			defaultConfigurationName = Release;
		};
		44BB12BC22EE89760019F437 /* Build configuration list for PBXNativeTarget "CAFlappyBirdTests" */ = {
			isa = XCConfigurationList;
			buildConfigurations = (
				44BB12BD22EE89760019F437 /* Debug */,
				44BB12BE22EE89760019F437 /* Release */,
			);
			defaultConfigurationIsVisible = 0;
			defaultConfigurationName = Release;
		};
/* End XCConfigurationList section */
	};
	rootObject = 44BB129222EE89750019F437 /* Project object */;
}
